// !$*UTF8*$!
{
	archiveVersion = 1;
	classes = {
	};
	objectVersion = 77;
	objects = {

/* Begin PBXBuildFile section */
		1FC948E317237C2CDAB63AE6 /* ProgressIndicatorView.swift in Sources */ = {isa = PBXBuildFile; fileRef = 65964C22CF33B65D56FF3D60 /* ProgressIndicatorView.swift */; };
		21E83B9EDC145E0793AE156B /* HoldToFinishButton.swift in Sources */ = {isa = PBXBuildFile; fileRef = 84258AC035B366A85050DD04 /* HoldToFinishButton.swift */; };
		294F44AC71AEFAB387D1382D /* DualProgressSliderView.swift in Sources */ = {isa = PBXBuildFile; fileRef = 7E734B1A92691038CB0B3D88 /* DualProgressSliderView.swift */; };
		36E905D5386D0188746AAE0C /* CookingAppApp.swift in Sources */ = {isa = PBXBuildFile; fileRef = C9FB5013BDA30E016170360A /* CookingAppApp.swift */; };
		3D41AF99C02CF4E3AFACAADA /* RecipeHeroImageView.swift in Sources */ = {isa = PBXBuildFile; fileRef = 99765317138B0B5A5B087DE8 /* RecipeHeroImageView.swift */; };
		4CFF0C6B115C75BABA093AE3 /* NotificationDelegate.swift in Sources */ = {isa = PBXBuildFile; fileRef = 77EFAA155D72E4A52788EE1D /* NotificationDelegate.swift */; };
		5535DD2F851B1E806B8D4AA3 /* StepTimerControl.swift in Sources */ = {isa = PBXBuildFile; fileRef = C3FBA522835082EB7A8BD936 /* StepTimerControl.swift */; };
		5779F3991B7A5464F3027081 /* PlaceholderPhotoView.swift in Sources */ = {isa = PBXBuildFile; fileRef = 94975B8B83C5E9BC918DE2C9 /* PlaceholderPhotoView.swift */; };
		58F03BD1C47691F5A3A589A7 /* StepView.swift in Sources */ = {isa = PBXBuildFile; fileRef = 15269B6C8DB0BC12BE2E031F /* StepView.swift */; };
		5FA5EA276C629FAE7A5C0279 /* PeerConnectionView.swift in Sources */ = {isa = PBXBuildFile; fileRef = 40DF8B9A7F761D592E0A3C74 /* PeerConnectionView.swift */; };
		65AAC2A6A92D9359736A7096 /* PartnerStatusView.swift in Sources */ = {isa = PBXBuildFile; fileRef = 8240C363AF44973B72F87E00 /* PartnerStatusView.swift */; };
		689F5100E9AFFACE1941209C /* NotificationScheduler.swift in Sources */ = {isa = PBXBuildFile; fileRef = E9E4454DC0BB4FDFEA2DFDE4 /* NotificationScheduler.swift */; };
		6A68C5F3BA336B81C3EA6E01 /* RecipeEditorView.swift in Sources */ = {isa = PBXBuildFile; fileRef = BB9F5A880E4FEC0EB01711B6 /* RecipeEditorView.swift */; };
		73A3754D54888B4F6DCD4285 /* StarRatingView.swift in Sources */ = {isa = PBXBuildFile; fileRef = 408EDD803379F0BD1AE89C05 /* StarRatingView.swift */; };
		7C3DFE6D8F2F194B3EBBB9DF /* CookingAppCore in Frameworks */ = {isa = PBXBuildFile; productRef = 5BE69C3E90BECDA78A54164F /* CookingAppCore */; };
		811183032AB7E933175C828D /* Assets.xcassets in Resources */ = {isa = PBXBuildFile; fileRef = DE42026A708D5E1A24DCC2C8 /* Assets.xcassets */; };
		83A45A22422E532DB08488BF /* RecipeListView.swift in Sources */ = {isa = PBXBuildFile; fileRef = 6C5DCABA51CBF434711F5600 /* RecipeListView.swift */; };
		C1FAFBDF97BC3D0B45118FCE /* TimerStackView.swift in Sources */ = {isa = PBXBuildFile; fileRef = 2F302626E0E7A54321241F02 /* TimerStackView.swift */; };
		D238F347F209B9E592B4EA08 /* RecipeDetailView.swift in Sources */ = {isa = PBXBuildFile; fileRef = C5CE3AAE0769F97B36AE2AC1 /* RecipeDetailView.swift */; };
		D4C740D370DB039CFB00985D /* SwipeBackDisabler.swift in Sources */ = {isa = PBXBuildFile; fileRef = 026E933AEE860E9A9F85765F /* SwipeBackDisabler.swift */; };
		D5DA8B8D455E45C5EAE26602 /* WelcomeNameView.swift in Sources */ = {isa = PBXBuildFile; fileRef = FE2730D3CBC8D016680255AA /* WelcomeNameView.swift */; };
		FE8CEB93DA44904D24C49040 /* Route.swift in Sources */ = {isa = PBXBuildFile; fileRef = FC447B5C21877ABDBC55F91E /* Route.swift */; };
/* End PBXBuildFile section */

/* Begin PBXFileReference section */
		026E933AEE860E9A9F85765F /* SwipeBackDisabler.swift */ = {isa = PBXFileReference; lastKnownFileType = sourcecode.swift; path = SwipeBackDisabler.swift; sourceTree = "<group>"; };
		15269B6C8DB0BC12BE2E031F /* StepView.swift */ = {isa = PBXFileReference; lastKnownFileType = sourcecode.swift; path = StepView.swift; sourceTree = "<group>"; };
		2F302626E0E7A54321241F02 /* TimerStackView.swift */ = {isa = PBXFileReference; lastKnownFileType = sourcecode.swift; path = TimerStackView.swift; sourceTree = "<group>"; };
		3EE50CE27846BC5D33F6763B /* Info.plist */ = {isa = PBXFileReference; lastKnownFileType = text.plist; path = Info.plist; sourceTree = "<group>"; };
		408EDD803379F0BD1AE89C05 /* StarRatingView.swift */ = {isa = PBXFileReference; lastKnownFileType = sourcecode.swift; path = StarRatingView.swift; sourceTree = "<group>"; };
		40DF8B9A7F761D592E0A3C74 /* PeerConnectionView.swift */ = {isa = PBXFileReference; lastKnownFileType = sourcecode.swift; path = PeerConnectionView.swift; sourceTree = "<group>"; };
		65964C22CF33B65D56FF3D60 /* ProgressIndicatorView.swift */ = {isa = PBXFileReference; lastKnownFileType = sourcecode.swift; path = ProgressIndicatorView.swift; sourceTree = "<group>"; };
		6B9C1345C29B06EECE42B12F /* CookingApp.app */ = {isa = PBXFileReference; includeInIndex = 0; lastKnownFileType = wrapper.application; path = CookingApp.app; sourceTree = BUILT_PRODUCTS_DIR; };
		6C5DCABA51CBF434711F5600 /* RecipeListView.swift */ = {isa = PBXFileReference; lastKnownFileType = sourcecode.swift; path = RecipeListView.swift; sourceTree = "<group>"; };
		6D0CF09CFC045EE522BF01A7 /* CookingAppCore */ = {isa = PBXFileReference; lastKnownFileType = folder; name = CookingAppCore; path = ../CookingAppCore; sourceTree = SOURCE_ROOT; };
		77EFAA155D72E4A52788EE1D /* NotificationDelegate.swift */ = {isa = PBXFileReference; lastKnownFileType = sourcecode.swift; path = NotificationDelegate.swift; sourceTree = "<group>"; };
		7E734B1A92691038CB0B3D88 /* DualProgressSliderView.swift */ = {isa = PBXFileReference; lastKnownFileType = sourcecode.swift; path = DualProgressSliderView.swift; sourceTree = "<group>"; };
		8240C363AF44973B72F87E00 /* PartnerStatusView.swift */ = {isa = PBXFileReference; lastKnownFileType = sourcecode.swift; path = PartnerStatusView.swift; sourceTree = "<group>"; };
		84258AC035B366A85050DD04 /* HoldToFinishButton.swift */ = {isa = PBXFileReference; lastKnownFileType = sourcecode.swift; path = HoldToFinishButton.swift; sourceTree = "<group>"; };
		94975B8B83C5E9BC918DE2C9 /* PlaceholderPhotoView.swift */ = {isa = PBXFileReference; lastKnownFileType = sourcecode.swift; path = PlaceholderPhotoView.swift; sourceTree = "<group>"; };
		99765317138B0B5A5B087DE8 /* RecipeHeroImageView.swift */ = {isa = PBXFileReference; lastKnownFileType = sourcecode.swift; path = RecipeHeroImageView.swift; sourceTree = "<group>"; };
		BB9F5A880E4FEC0EB01711B6 /* RecipeEditorView.swift */ = {isa = PBXFileReference; lastKnownFileType = sourcecode.swift; path = RecipeEditorView.swift; sourceTree = "<group>"; };
		C3FBA522835082EB7A8BD936 /* StepTimerControl.swift */ = {isa = PBXFileReference; lastKnownFileType = sourcecode.swift; path = StepTimerControl.swift; sourceTree = "<group>"; };
		C5CE3AAE0769F97B36AE2AC1 /* RecipeDetailView.swift */ = {isa = PBXFileReference; lastKnownFileType = sourcecode.swift; path = RecipeDetailView.swift; sourceTree = "<group>"; };
		C9FB5013BDA30E016170360A /* CookingAppApp.swift */ = {isa = PBXFileReference; lastKnownFileType = sourcecode.swift; path = CookingAppApp.swift; sourceTree = "<group>"; };
		DE42026A708D5E1A24DCC2C8 /* Assets.xcassets */ = {isa = PBXFileReference; lastKnownFileType = folder.assetcatalog; path = Assets.xcassets; sourceTree = "<group>"; };
		E9E4454DC0BB4FDFEA2DFDE4 /* NotificationScheduler.swift */ = {isa = PBXFileReference; lastKnownFileType = sourcecode.swift; path = NotificationScheduler.swift; sourceTree = "<group>"; };
		FC447B5C21877ABDBC55F91E /* Route.swift */ = {isa = PBXFileReference; lastKnownFileType = sourcecode.swift; path = Route.swift; sourceTree = "<group>"; };
		FE2730D3CBC8D016680255AA /* WelcomeNameView.swift */ = {isa = PBXFileReference; lastKnownFileType = sourcecode.swift; path = WelcomeNameView.swift; sourceTree = "<group>"; };
/* End PBXFileReference section */

/* Begin PBXFrameworksBuildPhase section */
		86D18C3FE5FE3030A3FCD3E5 /* Frameworks */ = {
			isa = PBXFrameworksBuildPhase;
			buildActionMask = 2147483647;
			files = (
				7C3DFE6D8F2F194B3EBBB9DF /* CookingAppCore in Frameworks */,
			);
			runOnlyForDeploymentPostprocessing = 0;
		};
/* End PBXFrameworksBuildPhase section */

/* Begin PBXGroup section */
		2D9879C14516143EB4BAAB5A /* Notifications */ = {
			isa = PBXGroup;
			children = (
				77EFAA155D72E4A52788EE1D /* NotificationDelegate.swift */,
				E9E4454DC0BB4FDFEA2DFDE4 /* NotificationScheduler.swift */,
			);
			path = Notifications;
			sourceTree = "<group>";
		};
		32DBE39E5CADB8E63E56BCBF /* Resources */ = {
			isa = PBXGroup;
			children = (
				DE42026A708D5E1A24DCC2C8 /* Assets.xcassets */,
			);
			path = Resources;
			sourceTree = "<group>";
		};
		4D58AA589D86D843E40EEF6A /* Products */ = {
			isa = PBXGroup;
			children = (
				6B9C1345C29B06EECE42B12F /* CookingApp.app */,
			);
			name = Products;
			sourceTree = "<group>";
		};
		879A244667344C725BD405FA = {
			isa = PBXGroup;
			children = (
				BE90D7B686731A9B6563C000 /* CookingApp */,
				DC9A6ECE40E5DBAD4C927991 /* Packages */,
				4D58AA589D86D843E40EEF6A /* Products */,
			);
			sourceTree = "<group>";
		};
		BE90D7B686731A9B6563C000 /* CookingApp */ = {
			isa = PBXGroup;
			children = (
				C9FB5013BDA30E016170360A /* CookingAppApp.swift */,
				3EE50CE27846BC5D33F6763B /* Info.plist */,
				2D9879C14516143EB4BAAB5A /* Notifications */,
				32DBE39E5CADB8E63E56BCBF /* Resources */,
				C645524A79FAE8C246198C50 /* Views */,
			);
			path = CookingApp;
			sourceTree = "<group>";
		};
		C645524A79FAE8C246198C50 /* Views */ = {
			isa = PBXGroup;
			children = (
				7E734B1A92691038CB0B3D88 /* DualProgressSliderView.swift */,
				84258AC035B366A85050DD04 /* HoldToFinishButton.swift */,
				8240C363AF44973B72F87E00 /* PartnerStatusView.swift */,
				40DF8B9A7F761D592E0A3C74 /* PeerConnectionView.swift */,
				94975B8B83C5E9BC918DE2C9 /* PlaceholderPhotoView.swift */,
				65964C22CF33B65D56FF3D60 /* ProgressIndicatorView.swift */,
				C5CE3AAE0769F97B36AE2AC1 /* RecipeDetailView.swift */,
				BB9F5A880E4FEC0EB01711B6 /* RecipeEditorView.swift */,
				99765317138B0B5A5B087DE8 /* RecipeHeroImageView.swift */,
				6C5DCABA51CBF434711F5600 /* RecipeListView.swift */,
				FC447B5C21877ABDBC55F91E /* Route.swift */,
				408EDD803379F0BD1AE89C05 /* StarRatingView.swift */,
				C3FBA522835082EB7A8BD936 /* StepTimerControl.swift */,
				15269B6C8DB0BC12BE2E031F /* StepView.swift */,
				026E933AEE860E9A9F85765F /* SwipeBackDisabler.swift */,
				2F302626E0E7A54321241F02 /* TimerStackView.swift */,
				FE2730D3CBC8D016680255AA /* WelcomeNameView.swift */,
			);
			path = Views;
			sourceTree = "<group>";
		};
		DC9A6ECE40E5DBAD4C927991 /* Packages */ = {
			isa = PBXGroup;
			children = (
				6D0CF09CFC045EE522BF01A7 /* CookingAppCore */,
			);
			name = Packages;
			sourceTree = "<group>";
		};
/* End PBXGroup section */

/* Begin PBXNativeTarget section */
		E39B8CEAD20B96D5791D0E92 /* CookingApp */ = {
			isa = PBXNativeTarget;
			buildConfigurationList = E630FA61E31B23D4D3D94E38 /* Build configuration list for PBXNativeTarget "CookingApp" */;
			buildPhases = (
				B2F543F3C9BDF73BE370129C /* Sources */,
				FC94365158221A3578483485 /* Resources */,
				86D18C3FE5FE3030A3FCD3E5 /* Frameworks */,
			);
			buildRules = (
			);
			dependencies = (
			);
			name = CookingApp;
			packageProductDependencies = (
				5BE69C3E90BECDA78A54164F /* CookingAppCore */,
			);
			productName = CookingApp;
			productReference = 6B9C1345C29B06EECE42B12F /* CookingApp.app */;
			productType = "com.apple.product-type.application";
		};
/* End PBXNativeTarget section */

/* Begin PBXProject section */
		8875D50504E72447E372B425 /* Project object */ = {
			isa = PBXProject;
			attributes = {
				BuildIndependentTargetsInParallel = YES;
				LastUpgradeCheck = 1430;
				TargetAttributes = {
					E39B8CEAD20B96D5791D0E92 = {
						ProvisioningStyle = Automatic;
					};
				};
			};
			buildConfigurationList = 10B05D13B33DAEEF08C604D6 /* Build configuration list for PBXProject "CookingApp" */;
			developmentRegion = en;
			hasScannedForEncodings = 0;
			knownRegions = (
				Base,
				en,
			);
			mainGroup = 879A244667344C725BD405FA;
			minimizedProjectReferenceProxies = 1;
			packageReferences = (
				2FE1778703754931DE96A8FA /* XCLocalSwiftPackageReference "../CookingAppCore" */,
			);
			preferredProjectObjectVersion = 77;
			productRefGroup = 4D58AA589D86D843E40EEF6A /* Products */;
			projectDirPath = "";
			projectRoot = "";
			targets = (
				E39B8CEAD20B96D5791D0E92 /* CookingApp */,
			);
		};
/* End PBXProject section */

/* Begin PBXResourcesBuildPhase section */
		FC94365158221A3578483485 /* Resources */ = {
			isa = PBXResourcesBuildPhase;
			buildActionMask = 2147483647;
			files = (
				811183032AB7E933175C828D /* Assets.xcassets in Resources */,
			);
			runOnlyForDeploymentPostprocessing = 0;
		};
/* End PBXResourcesBuildPhase section */

/* Begin PBXSourcesBuildPhase section */
		B2F543F3C9BDF73BE370129C /* Sources */ = {
			isa = PBXSourcesBuildPhase;
			buildActionMask = 2147483647;
			files = (
				36E905D5386D0188746AAE0C /* CookingAppApp.swift in Sources */,
				294F44AC71AEFAB387D1382D /* DualProgressSliderView.swift in Sources */,
				21E83B9EDC145E0793AE156B /* HoldToFinishButton.swift in Sources */,
				4CFF0C6B115C75BABA093AE3 /* NotificationDelegate.swift in Sources */,
				689F5100E9AFFACE1941209C /* NotificationScheduler.swift in Sources */,
				65AAC2A6A92D9359736A7096 /* PartnerStatusView.swift in Sources */,
				5FA5EA276C629FAE7A5C0279 /* PeerConnectionView.swift in Sources */,
				5779F3991B7A5464F3027081 /* PlaceholderPhotoView.swift in Sources */,
				1FC948E317237C2CDAB63AE6 /* ProgressIndicatorView.swift in Sources */,
				D238F347F209B9E592B4EA08 /* RecipeDetailView.swift in Sources */,
				6A68C5F3BA336B81C3EA6E01 /* RecipeEditorView.swift in Sources */,
				3D41AF99C02CF4E3AFACAADA /* RecipeHeroImageView.swift in Sources */,
				83A45A22422E532DB08488BF /* RecipeListView.swift in Sources */,
				FE8CEB93DA44904D24C49040 /* Route.swift in Sources */,
				73A3754D54888B4F6DCD4285 /* StarRatingView.swift in Sources */,
				5535DD2F851B1E806B8D4AA3 /* StepTimerControl.swift in Sources */,
				58F03BD1C47691F5A3A589A7 /* StepView.swift in Sources */,
				D4C740D370DB039CFB00985D /* SwipeBackDisabler.swift in Sources */,
				C1FAFBDF97BC3D0B45118FCE /* TimerStackView.swift in Sources */,
				D5DA8B8D455E45C5EAE26602 /* WelcomeNameView.swift in Sources */,
			);
			runOnlyForDeploymentPostprocessing = 0;
		};
/* End PBXSourcesBuildPhase section */

/* Begin XCBuildConfiguration section */
		361291DBFB37AF71363E36DE /* Debug */ = {
			isa = XCBuildConfiguration;
			buildSettings = {
				ALWAYS_SEARCH_USER_PATHS = NO;
				CLANG_ANALYZER_NONNULL = YES;
				CLANG_ANALYZER_NUMBER_OBJECT_CONVERSION = YES_AGGRESSIVE;
				CLANG_CXX_LANGUAGE_STANDARD = "gnu++14";
				CLANG_CXX_LIBRARY = "libc++";
				CLANG_ENABLE_MODULES = YES;
				CLANG_ENABLE_OBJC_ARC = YES;
				CLANG_ENABLE_OBJC_WEAK = YES;
				CLANG_WARN_BLOCK_CAPTURE_AUTORELEASING = YES;
				CLANG_WARN_BOOL_CONVERSION = YES;
				CLANG_WARN_COMMA = YES;
				CLANG_WARN_CONSTANT_CONVERSION = YES;
				CLANG_WARN_DEPRECATED_OBJC_IMPLEMENTATIONS = YES;
				CLANG_WARN_DIRECT_OBJC_ISA_USAGE = YES_ERROR;
				CLANG_WARN_DOCUMENTATION_COMMENTS = YES;
				CLANG_WARN_EMPTY_BODY = YES;
				CLANG_WARN_ENUM_CONVERSION = YES;
				CLANG_WARN_INFINITE_RECURSION = YES;
				CLANG_WARN_INT_CONVERSION = YES;
				CLANG_WARN_NON_LITERAL_NULL_CONVERSION = YES;
				CLANG_WARN_OBJC_IMPLICIT_RETAIN_SELF = YES;
				CLANG_WARN_OBJC_LITERAL_CONVERSION = YES;
				CLANG_WARN_OBJC_ROOT_CLASS = YES_ERROR;
				CLANG_WARN_QUOTED_INCLUDE_IN_FRAMEWORK_HEADER = YES;
				CLANG_WARN_RANGE_LOOP_ANALYSIS = YES;
				CLANG_WARN_STRICT_PROTOTYPES = YES;
				CLANG_WARN_SUSPICIOUS_MOVE = YES;
				CLANG_WARN_UNGUARDED_AVAILABILITY = YES_AGGRESSIVE;
				CLANG_WARN_UNREACHABLE_CODE = YES;
				CLANG_WARN__DUPLICATE_METHOD_MATCH = YES;
				COPY_PHASE_STRIP = NO;
				DEBUG_INFORMATION_FORMAT = dwarf;
				ENABLE_STRICT_OBJC_MSGSEND = YES;
				ENABLE_TESTABILITY = YES;
				GCC_C_LANGUAGE_STANDARD = gnu11;
				GCC_DYNAMIC_NO_PIC = NO;
				GCC_NO_COMMON_BLOCKS = YES;
				GCC_OPTIMIZATION_LEVEL = 0;
				GCC_PREPROCESSOR_DEFINITIONS = (
					"$(inherited)",
					"DEBUG=1",
				);
				GCC_WARN_64_TO_32_BIT_CONVERSION = YES;
				GCC_WARN_ABOUT_RETURN_TYPE = YES_ERROR;
				GCC_WARN_UNDECLARED_SELECTOR = YES;
				GCC_WARN_UNINITIALIZED_AUTOS = YES_AGGRESSIVE;
				GCC_WARN_UNUSED_FUNCTION = YES;
				GCC_WARN_UNUSED_VARIABLE = YES;
				IPHONEOS_DEPLOYMENT_TARGET = 17.0;
				MTL_ENABLE_DEBUG_INFO = INCLUDE_SOURCE;
				MTL_FAST_MATH = YES;
				ONLY_ACTIVE_ARCH = YES;
				PRODUCT_NAME = "$(TARGET_NAME)";
				SDKROOT = iphoneos;
				SWIFT_ACTIVE_COMPILATION_CONDITIONS = DEBUG;
				SWIFT_OPTIMIZATION_LEVEL = "-Onone";
				SWIFT_VERSION = 5.0;
			};
			name = Debug;
		};
		4041C30F92CC9B2014BA1A35 /* Release */ = {
			isa = XCBuildConfiguration;
			buildSettings = {
				ASSETCATALOG_COMPILER_APPICON_NAME = AppIcon;
				CODE_SIGN_IDENTITY = "iPhone Developer";
				CODE_SIGN_STYLE = Automatic;
				CURRENT_PROJECT_VERSION = 1;
				GENERATE_INFOPLIST_FILE = YES;
				INFOPLIST_FILE = CookingApp/Info.plist;
				IPHONEOS_DEPLOYMENT_TARGET = 17.0;
				LD_RUNPATH_SEARCH_PATHS = (
					"$(inherited)",
					"@executable_path/Frameworks",
				);
				MARKETING_VERSION = 1.0;
				PRODUCT_BUNDLE_IDENTIFIER = com.yahia.cookingapp;
				SDKROOT = iphoneos;
				SWIFT_VERSION = 5.0;
				TARGETED_DEVICE_FAMILY = 1;
			};
			name = Release;
		};
		9E5321405D4C4FDE262D14C7 /* Release */ = {
			isa = XCBuildConfiguration;
			buildSettings = {
				ALWAYS_SEARCH_USER_PATHS = NO;
				CLANG_ANALYZER_NONNULL = YES;
				CLANG_ANALYZER_NUMBER_OBJECT_CONVERSION = YES_AGGRESSIVE;
				CLANG_CXX_LANGUAGE_STANDARD = "gnu++14";
				CLANG_CXX_LIBRARY = "libc++";
				CLANG_ENABLE_MODULES = YES;
				CLANG_ENABLE_OBJC_ARC = YES;
				CLANG_ENABLE_OBJC_WEAK = YES;
				CLANG_WARN_BLOCK_CAPTURE_AUTORELEASING = YES;
				CLANG_WARN_BOOL_CONVERSION = YES;
				CLANG_WARN_COMMA = YES;
				CLANG_WARN_CONSTANT_CONVERSION = YES;
				CLANG_WARN_DEPRECATED_OBJC_IMPLEMENTATIONS = YES;
				CLANG_WARN_DIRECT_OBJC_ISA_USAGE = YES_ERROR;
				CLANG_WARN_DOCUMENTATION_COMMENTS = YES;
				CLANG_WARN_EMPTY_BODY = YES;
				CLANG_WARN_ENUM_CONVERSION = YES;
				CLANG_WARN_INFINITE_RECURSION = YES;
				CLANG_WARN_INT_CONVERSION = YES;
				CLANG_WARN_NON_LITERAL_NULL_CONVERSION = YES;
				CLANG_WARN_OBJC_IMPLICIT_RETAIN_SELF = YES;
				CLANG_WARN_OBJC_LITERAL_CONVERSION = YES;
				CLANG_WARN_OBJC_ROOT_CLASS = YES_ERROR;
				CLANG_WARN_QUOTED_INCLUDE_IN_FRAMEWORK_HEADER = YES;
				CLANG_WARN_RANGE_LOOP_ANALYSIS = YES;
				CLANG_WARN_STRICT_PROTOTYPES = YES;
				CLANG_WARN_SUSPICIOUS_MOVE = YES;
				CLANG_WARN_UNGUARDED_AVAILABILITY = YES_AGGRESSIVE;
				CLANG_WARN_UNREACHABLE_CODE = YES;
				CLANG_WARN__DUPLICATE_METHOD_MATCH = YES;
				COPY_PHASE_STRIP = NO;
				DEBUG_INFORMATION_FORMAT = "dwarf-with-dsym";
				ENABLE_NS_ASSERTIONS = NO;
				ENABLE_STRICT_OBJC_MSGSEND = YES;
				GCC_C_LANGUAGE_STANDARD = gnu11;
				GCC_NO_COMMON_BLOCKS = YES;
				GCC_WARN_64_TO_32_BIT_CONVERSION = YES;
				GCC_WARN_ABOUT_RETURN_TYPE = YES_ERROR;
				GCC_WARN_UNDECLARED_SELECTOR = YES;
				GCC_WARN_UNINITIALIZED_AUTOS = YES_AGGRESSIVE;
				GCC_WARN_UNUSED_FUNCTION = YES;
				GCC_WARN_UNUSED_VARIABLE = YES;
				IPHONEOS_DEPLOYMENT_TARGET = 17.0;
				MTL_ENABLE_DEBUG_INFO = NO;
				MTL_FAST_MATH = YES;
				PRODUCT_NAME = "$(TARGET_NAME)";
				SDKROOT = iphoneos;
				SWIFT_COMPILATION_MODE = wholemodule;
				SWIFT_OPTIMIZATION_LEVEL = "-O";
				SWIFT_VERSION = 5.0;
			};
			name = Release;
		};
		D60C82C6016467DF72003BAF /* Debug */ = {
			isa = XCBuildConfiguration;
			buildSettings = {
				ASSETCATALOG_COMPILER_APPICON_NAME = AppIcon;
				CODE_SIGN_IDENTITY = "iPhone Developer";
				CODE_SIGN_STYLE = Automatic;
				CURRENT_PROJECT_VERSION = 1;
				GENERATE_INFOPLIST_FILE = YES;
				INFOPLIST_FILE = CookingApp/Info.plist;
				IPHONEOS_DEPLOYMENT_TARGET = 17.0;
				LD_RUNPATH_SEARCH_PATHS = (
					"$(inherited)",
					"@executable_path/Frameworks",
				);
				MARKETING_VERSION = 1.0;
				PRODUCT_BUNDLE_IDENTIFIER = com.yahia.cookingapp;
				SDKROOT = iphoneos;
				SWIFT_VERSION = 5.0;
				TARGETED_DEVICE_FAMILY = 1;
			};
			name = Debug;
		};
/* End XCBuildConfiguration section */

/* Begin XCConfigurationList section */
		10B05D13B33DAEEF08C604D6 /* Build configuration list for PBXProject "CookingApp" */ = {
			isa = XCConfigurationList;
			buildConfigurations = (
				361291DBFB37AF71363E36DE /* Debug */,
				9E5321405D4C4FDE262D14C7 /* Release */,
			);
			defaultConfigurationIsVisible = 0;
			defaultConfigurationName = Debug;
		};
		E630FA61E31B23D4D3D94E38 /* Build configuration list for PBXNativeTarget "CookingApp" */ = {
			isa = XCConfigurationList;
			buildConfigurations = (
				D60C82C6016467DF72003BAF /* Debug */,
				4041C30F92CC9B2014BA1A35 /* Release */,
			);
			defaultConfigurationIsVisible = 0;
			defaultConfigurationName = Debug;
		};
/* End XCConfigurationList section */

/* Begin XCLocalSwiftPackageReference section */
		2FE1778703754931DE96A8FA /* XCLocalSwiftPackageReference "../CookingAppCore" */ = {
			isa = XCLocalSwiftPackageReference;
			relativePath = ../CookingAppCore;
		};
/* End XCLocalSwiftPackageReference section */

/* Begin XCSwiftPackageProductDependency section */
		5BE69C3E90BECDA78A54164F /* CookingAppCore */ = {
			isa = XCSwiftPackageProductDependency;
			productName = CookingAppCore;
		};
/* End XCSwiftPackageProductDependency section */
	};
	rootObject = 8875D50504E72447E372B425 /* Project object */;
}
